
Microsoft Visual Studio Solution File, Format Version 12.00
# Visual Studio Version 17
VisualStudioVersion = 17.4.33213.308
MinimumVisualStudioVersion = 10.0.40219.1
Project("{FAE04EC0-301F-11D3-BF4B-00C04F79EFBC}") = "tasksPractice", "tasksPractice.csproj", "{9634F01D-0BC6-4A92-9CA0-86E83833B470}"
EndProject
Global
	GlobalSection(SolutionConfigurationPlatforms) = preSolution
		Debug|Any CPU = Debug|Any CPU
		Release|Any CPU = Release|Any CPU
	EndGlobalSection
	GlobalSection(ProjectConfigurationPlatforms) = postSolution
		{9634F01D-0BC6-4A92-9CA0-86E83833B470}.Debug|Any CPU.ActiveCfg = Debug|Any CPU
		{9634F01D-0BC6-4A92-9CA0-86E83833B470}.Debug|Any CPU.Build.0 = Debug|Any CPU
		{9634F01D-0BC6-4A92-9CA0-86E83833B470}.Release|Any CPU.ActiveCfg = Release|Any CPU
		{9634F01D-0BC6-4A92-9CA0-86E83833B470}.Release|Any CPU.Build.0 = Release|Any CPU
	EndGlobalSection
	GlobalSection(SolutionProperties) = preSolution
		HideSolutionNode = FALSE
	EndGlobalSection
	GlobalSection(ExtensibilityGlobals) = postSolution
		SolutionGuid = {416900AD-471A-4895-A256-7DE9757AEDA8}
	EndGlobalSection
EndGlobal
